# This file is generated by running "yarn install" inside your project.
# Manual changes might be lost - proceed with caution!

__metadata:
  version: 4
  cacheKey: 7

"@attg/antlr@workspace:.":
  version: 0.0.0-use.local
  resolution: "@attg/antlr@workspace:."
  dependencies:
    antlr4ts: ^0.5.0-alpha.3
    antlr4ts-cli: ^0.5.0-alpha.3
    typescript: ^4.0.5
  languageName: unknown
  linkType: soft

"antlr4ts-cli@npm:^0.5.0-alpha.3":
  version: 0.5.0-dev
  resolution: "antlr4ts-cli@npm:0.5.0-dev"
  dependencies:
    source-map-support: ^0.5.16
  bin:
    antlr4ts: antlr4ts
  checksum: 03c913b9080bea89c906758c7e93492759f2ae2240d5aec944be5998f98b9ca7fc6cb1ea22fc3b3e4db3f040e30fba0306abd69ccb063f79527a7547a965f6a3
  languageName: node
  linkType: hard

"antlr4ts@npm:^0.5.0-alpha.3":
  version: 0.5.0-dev
  resolution: "antlr4ts@npm:0.5.0-dev"
  dependencies:
    source-map-support: ^0.5.16
  checksum: 0f206ef5ef5793456de66545a1bf6d8d52343bc6c6689d941cc16ea3f0b6b18a7710b4cc3946a61d021fda51f93b89adcd7c5d7fe249ea1739b0459e7a85b42c
  languageName: node
  linkType: hard

"buffer-from@npm:^1.0.0":
  version: 1.1.1
  resolution: "buffer-from@npm:1.1.1"
  checksum: 540ceb79c4f5bfcadaabbc18324fa84c50dc52905084be7c03596a339cf5a88513bee6831ce9b36ddd046fab09257a7c80686e129d0559a0cfd141da196ad956
  languageName: node
  linkType: hard

"source-map-support@npm:^0.5.16":
  version: 0.5.19
  resolution: "source-map-support@npm:0.5.19"
  dependencies:
    buffer-from: ^1.0.0
    source-map: ^0.6.0
  checksum: 59d4efaae97755155b078413ecba63517e3ef054cc7ab767bbd30e6f3054be2ae8e8f5cce7eef53b7eb93e98fe27a58dd8f5e7abfb13144ba420ddaf5267bbb2
  languageName: node
  linkType: hard

"source-map@npm:^0.6.0":
  version: 0.6.1
  resolution: "source-map@npm:0.6.1"
  checksum: 8647829a0611724114022be455ca1c8a2c8ae61df81c5b3667d9b398207226a1e21174fb7bbf0b4dbeb27ac358222afb5a14f1c74a62a62b8883b012e5eb1270
  languageName: node
  linkType: hard

typescript@^4.0.5:
  version: 4.0.5
  resolution: "typescript@npm:4.0.5"
  bin:
    tsc: bin/tsc
    tsserver: bin/tsserver
  checksum: ce94d4bbb914cc9d6fbd42e1476ab18c3292b262b8ba7ba76cd167a858545207a604e75bf1efbb75b8654c8f85deaa19795c3ef00098d7612855139b4ecc0240
  languageName: node
  linkType: hard

"typescript@patch:typescript@^4.0.5#builtin<compat/typescript>":
  version: 4.0.5
  resolution: "typescript@patch:typescript@npm%3A4.0.5#builtin<compat/typescript>::version=4.0.5&hash=5bf698"
  bin:
    tsc: bin/tsc
    tsserver: bin/tsserver
  checksum: d4be0bd2a2050b2d7b132cb2a40329178f181543e9d2ac6d1f06babd9f047208558a736a7effdeb28759ae2e815f070b61d10ee2f02cc93a6221a1490f21ffce
  languageName: node
  linkType: hard
